version = 1
revision = 3
requires-python = ">=3.12"

[[package]]
name = "asgiref"
version = "3.11.1"
source = { registry = "https://pypi.org/simple" }
sdist = { url = "https://files.pythonhosted.org/packages/63/40/f03da1264ae8f7cfdbf9146542e5e7e8100a4c66ab48e791df9a03d3f6c0/asgiref-3.11.1.tar.gz", hash = "sha256:5f184dc43b7e763efe848065441eac62229c9f7b0475f41f80e207a114eda4ce", size = 38550, upload-time = "2026-02-03T13:30:14.33Z" }
wheels = [
    { url = "https://files.pythonhosted.org/packages/5c/0a/a72d10ed65068e115044937873362e6e32fab1b7dce0046aeb224682c989/asgiref-3.11.1-py3-none-any.whl", hash = "sha256:e8667a091e69529631969fd45dc268fa79b99c92c5fcdda727757e52146ec133", size = 24345, upload-time = "2026-02-03T13:30:13.039Z" },
]

[[package]]
name = "colorama"
version = "0.4.6"
source = { registry = "https://pypi.org/simple" }
sdist = { url = "https://files.pythonhosted.org/packages/d8/53/6f443c9a4a8358a93a6792e2acffb9d9d5cb0a5cfd8802644b7b1c9a02e4/colorama-0.4.6.tar.gz", hash = "sha256:08695f5cb7ed6e0531a20572697297273c47b8cae5a63ffc6d6ed5c201be6e44", size = 27697, upload-time = "2022-10-25T02:36:22.414Z" }
wheels = [
    { url = "https://files.pythonhosted.org/packages/d1/d6/3965ed04c63042e047cb6a3e6ed1a63a35087b6a609aa3a15ed8ac56c221/colorama-0.4.6-py2.py3-none-any.whl", hash = "sha256:4f1d9991f5acc0ca119f9d443620b77f9d6b33703e51011c16baf57afb285fc6", size = 25335, upload-time = "2022-10-25T02:36:20.889Z" },
]

[[package]]
name = "django"
version = "6.0.4"
source = { registry = "https://pypi.org/simple" }
dependencies = [
    { name = "asgiref" },
    { name = "sqlparse" },
    { name = "tzdata", marker = "sys_platform == 'win32'" },
]
sdist = { url = "https://files.pythonhosted.org/packages/60/b9/4155091ad1788b38563bd77a7258c0834e8c12a7f56f6975deaf54f8b61d/django-6.0.4.tar.gz", hash = "sha256:8cfa2572b3f2768b2e84983cf3c4811877a01edb64e817986ec5d60751c113ac", size = 10907407, upload-time = "2026-04-07T13:55:44.961Z" }
wheels = [
    { url = "https://files.pythonhosted.org/packages/e9/47/3d61d611609764aa71a37f7037b870e7bfb22937366974c4fd46cada7bab/django-6.0.4-py3-none-any.whl", hash = "sha256:14359c809fc16e8f81fd2b59d7d348e4d2d799da6840b10522b6edf7b8afc1da", size = 8368342, upload-time = "2026-04-07T13:55:37.999Z" },
]

[[package]]
name = "django-debug-toolbar"
version = "6.3.0"
source = { registry = "https://pypi.org/simple" }
dependencies = [
    { name = "django" },
    { name = "sqlparse" },
]
sdist = { url = "https://files.pythonhosted.org/packages/d8/ea/b62673424dd72d2dbf5adf4145281a421d5792f47380d9bc8e3b11e1a769/django_debug_toolbar-6.3.0.tar.gz", hash = "sha256:f830a86fe02e17f625a22cfbed24a5bd1500762e201ec959c50efb0f9327282b", size = 334079, upload-time = "2026-04-02T16:07:01.385Z" }
wheels = [
    { url = "https://files.pythonhosted.org/packages/7d/9e/d8c3c845f4b5ccac7377c19f4049e7e00c6f121846a81f69a497b45734df/django_debug_toolbar-6.3.0-py3-none-any.whl", hash = "sha256:a199ce3d0f884739a9096835ad417479fede05f3b3c4824bc8b354721ba8f629", size = 298304, upload-time = "2026-04-02T16:06:59.617Z" },
]

[[package]]
name = "django-hybrid-search-example"
version = "1.0.0"
source = { virtual = "." }
dependencies = [
    { name = "django" },
    { name = "django-debug-toolbar" },
    { name = "python-dotenv" },
]

[package.dev-dependencies]
dev = [
    { name = "prek" },
    { name = "pytest" },
]

[package.metadata]
requires-dist = [
    { name = "django", specifier = ">=6.0.4" },
    { name = "django-debug-toolbar", specifier = ">=6.3.0" },
    { name = "python-dotenv", specifier = ">=1.2.2" },
]

[package.metadata.requires-dev]
dev = [
    { name = "prek", specifier = ">=0.3.9" },
    { name = "pytest", specifier = ">=9.0.3" },
]

[[package]]
name = "iniconfig"
version = "2.3.0"
source = { registry = "https://pypi.org/simple" }
sdist = { url = "https://files.pythonhosted.org/packages/72/34/14ca021ce8e5dfedc35312d08ba8bf51fdd999c576889fc2c24cb97f4f10/iniconfig-2.3.0.tar.gz", hash = "sha256:c76315c77db068650d49c5b56314774a7804df16fee4402c1f19d6d15d8c4730", size = 20503, upload-time = "2025-10-18T21:55:43.219Z" }
wheels = [
    { url = "https://files.pythonhosted.org/packages/cb/b1/3846dd7f199d53cb17f49cba7e651e9ce294d8497c8c150530ed11865bb8/iniconfig-2.3.0-py3-none-any.whl", hash = "sha256:f631c04d2c48c52b84d0d0549c99ff3859c98df65b3101406327ecc7d53fbf12", size = 7484, upload-time = "2025-10-18T21:55:41.639Z" },
]

[[package]]
name = "packaging"
version = "26.1"
source = { registry = "https://pypi.org/simple" }
sdist = { url = "https://files.pythonhosted.org/packages/df/de/0d2b39fb4af88a0258f3bac87dfcbb48e73fbdea4a2ed0e2213f9a4c2f9a/packaging-26.1.tar.gz", hash = "sha256:f042152b681c4bfac5cae2742a55e103d27ab2ec0f3d88037136b6bfe7c9c5de", size = 215519, upload-time = "2026-04-14T21:12:49.362Z" }
wheels = [
    { url = "https://files.pythonhosted.org/packages/7a/c2/920ef838e2f0028c8262f16101ec09ebd5969864e5a64c4c05fad0617c56/packaging-26.1-py3-none-any.whl", hash = "sha256:5d9c0669c6285e491e0ced2eee587eaf67b670d94a19e94e3984a481aba6802f", size = 95831, upload-time = "2026-04-14T21:12:47.56Z" },
]

[[package]]
name = "pluggy"
version = "1.6.0"
source = { registry = "https://pypi.org/simple" }
sdist = { url = "https://files.pythonhosted.org/packages/f9/e2/3e91f31a7d2b083fe6ef3fa267035b518369d9511ffab804f839851d2779/pluggy-1.6.0.tar.gz", hash = "sha256:7dcc130b76258d33b90f61b658791dede3486c3e6bfb003ee5c9bfb396dd22f3", size = 69412, upload-time = "2025-05-15T12:30:07.975Z" }
wheels = [
    { url = "https://files.pythonhosted.org/packages/54/20/4d324d65cc6d9205fabedc306948156824eb9f0ee1633355a8f7ec5c66bf/pluggy-1.6.0-py3-none-any.whl", hash = "sha256:e920276dd6813095e9377c0bc5566d94c932c33b27a3e3945d8389c374dd4746", size = 20538, upload-time = "2025-05-15T12:30:06.134Z" },
]

[[package]]
name = "prek"
version = "0.3.9"
source = { registry = "https://pypi.org/simple" }
sdist = { url = "https://files.pythonhosted.org/packages/15/ff/5b7a2a9c4fa3dd2ffc8b13a9ec22aa550deda5b39ab273f8e02863b12642/prek-0.3.9.tar.gz", hash = "sha256:f82b92d81f42f1f90a47f5fbbf492373e25ef1f790080215b2722dd6da66510e", size = 423801, upload-time = "2026-04-13T12:30:38.191Z" }
wheels = [
    { url = "https://files.pythonhosted.org/packages/3c/08/c11a6b7834b461223763b6b1552f32c9199393685d52d555de621e900ee7/prek-0.3.9-py3-none-linux_armv6l.whl", hash = "sha256:3ed793d51bfaa27bddb64d525d7acb77a7c8644f549412d82252e3eb0b88aad8", size = 5337784, upload-time = "2026-04-13T12:30:46.044Z" },
    { url = "https://files.pythonhosted.org/packages/15/d9/974b02832a645c6411069c713e3191ce807f9962006da108e4727efd2fa1/prek-0.3.9-py3-none-macosx_10_12_x86_64.whl", hash = "sha256:399c58400c0bd0b82a93a3c09dc1bfd88d8d0cfb242d414d2ed247187b06ead1", size = 5713864, upload-time = "2026-04-13T12:30:27.007Z" },
    { url = "https://files.pythonhosted.org/packages/40/e1/4ed14bef15eb30039a75177b0807ac007095a5a110284706ccf900a8d512/prek-0.3.9-py3-none-macosx_11_0_arm64.whl", hash = "sha256:e2ea1ffb124e92f081b8e2ca5b5a623a733efb3be0c5b1f4b7ffe2ee17d1f20c", size = 5290437, upload-time = "2026-04-13T12:30:30.658Z" },
    { url = "https://files.pythonhosted.org/packages/67/80/d5c3015e9da161dede566bfeef41f098f92470613157daa4f7377ab08d58/prek-0.3.9-py3-none-manylinux_2_17_aarch64.manylinux2014_aarch64.musllinux_1_1_aarch64.whl", hash = "sha256:aaf639f95b7301639298311d8d44aad0d0b4864e9736083ad3c71ce9765d37ab", size = 5536208, upload-time = "2026-04-13T12:30:47.964Z" },
    { url = "https://files.pythonhosted.org/packages/c8/54/8cdc5eb1018437d7828740defd322e7a96459c02fc8961160c4120325313/prek-0.3.9-py3-none-manylinux_2_17_armv7l.manylinux2014_armv7l.whl", hash = "sha256:ff104863b187fa443ea8451ca55d51e2c6e94f99f00d88784b5c3c4c623f1ebe", size = 5251785, upload-time = "2026-04-13T12:30:39.78Z" },
    { url = "https://files.pythonhosted.org/packages/bd/e2/a5fc35a0fd3167224a000ca1b6235ecbdea0ac77e24af5979a75b0e6b5a4/prek-0.3.9-py3-none-manylinux_2_17_i686.manylinux2014_i686.whl", hash = "sha256:039ecaf87c63a3e67cca645ebd5bc5eb6aafa6c9d929e9a27b2921e7849d7ef9", size = 5668548, upload-time = "2026-04-13T12:30:24.914Z" },
    { url = "https://files.pythonhosted.org/packages/09/e8/a189ee79f401c259f66f8af587f899d4d5bfb04e0ca371bfd01e49871007/prek-0.3.9-py3-none-manylinux_2_17_s390x.manylinux2014_s390x.whl", hash = "sha256:3bde2a3d045705095983c7f78ba04f72a7565fe1c2b4e85f5628502a254754ff", size = 6660927, upload-time = "2026-04-13T12:30:44.495Z" },
    { url = "https://files.pythonhosted.org/packages/a4/5a/54117316e98ff62a14911ad1488a3a0945530242a2ce3e92f7a40b6ccc02/prek-0.3.9-py3-none-manylinux_2_17_x86_64.manylinux2014_x86_64.whl", hash = "sha256:28a0960a21543563e2c8e19aaad176cc8423a87aac3c914d0f313030d7a9244a", size = 5932244, upload-time = "2026-04-13T12:30:49.532Z" },
    { url = "https://files.pythonhosted.org/packages/a7/f9/e88d4361f59be7adeeb3a8a3819d69d286d86fe6f7606840af6734362675/prek-0.3.9-py3-none-manylinux_2_28_aarch64.whl", hash = "sha256:0dfb5d5171d7523271909246ee306b4dc3d5b63752e7dd7c7e8a8908fc9490d1", size = 5542139, upload-time = "2026-04-13T12:30:41.266Z" },
    { url = "https://files.pythonhosted.org/packages/11/1f/204837115087bb8d063bda754a7fe975428c5d5b6548c30dd749f8ab85d4/prek-0.3.9-py3-none-manylinux_2_31_riscv64.whl", hash = "sha256:82b791bd36c1430c84d3ae7220a85152babc7eaf00f70adcb961bd594e756ba3", size = 5392519, upload-time = "2026-04-13T12:30:32.603Z" },
    { url = "https://files.pythonhosted.org/packages/bd/00/de57b5795e670b6d38e7eda6d9ac6fd6d757ca22f725e5054b042104cd53/prek-0.3.9-py3-none-musllinux_1_1_armv7l.whl", hash = "sha256:6eac6d2f736b041118f053a1487abed468a70dd85a8688eaf87bb42d3dcecf20", size = 5222780, upload-time = "2026-04-13T12:30:36.576Z" },
    { url = "https://files.pythonhosted.org/packages/f5/14/0bc055c305d92980b151f2ec00c14d28fe94c6d51180ca07fded28771cbf/prek-0.3.9-py3-none-musllinux_1_1_i686.whl", hash = "sha256:5517e46e761367a3759b3168eabc120840ffbca9dfbc53187167298a98f87dc4", size = 5524310, upload-time = "2026-04-13T12:30:34.469Z" },
    { url = "https://files.pythonhosted.org/packages/b9/d1/eebc2b69be0de36cd84adbe0a0710f4deb468a90e30525be027d6db02d54/prek-0.3.9-py3-none-musllinux_1_1_x86_64.whl", hash = "sha256:92024778cf78683ca32687bb249ab6a7d5c33887b5ee1d1a9f6d0c14228f4cf3", size = 6043751, upload-time = "2026-04-13T12:30:29.101Z" },
    { url = "https://files.pythonhosted.org/packages/46/cb/be98c04e702cbc0b0328cd745ff4634ace69ad5a84461bde36f88a7be873/prek-0.3.9-py3-none-win32.whl", hash = "sha256:7f89c55e5f480f5d073769e319924ad69d4bf9f98c5cb46a83082e26e634c958", size = 5045940, upload-time = "2026-04-13T12:30:42.882Z" },
    { url = "https://files.pythonhosted.org/packages/a6/b6/b51771d69f6282e34edeb73f23d956da34f2cabbb5ba16ba175cc0a056f9/prek-0.3.9-py3-none-win_amd64.whl", hash = "sha256:7722f3372eaa83b147e70a43cb7b9fe2128c13d0c78d8a1cdbf2a8ec2ee071eb", size = 5435204, upload-time = "2026-04-13T12:30:51.482Z" },
    { url = "https://files.pythonhosted.org/packages/30/8a/f8a87c15b095460eccd67c8d89a086b7a37aac8d363f89544b8ce6ec653d/prek-0.3.9-py3-none-win_arm64.whl", hash = "sha256:0bced6278d6cc8a4b46048979e36bc9da034611dc8facd77ab123177b833a929", size = 5279552, upload-time = "2026-04-13T12:30:53.011Z" },
]

[[package]]
name = "pygments"
version = "2.20.0"
source = { registry = "https://pypi.org/simple" }
sdist = { url = "https://files.pythonhosted.org/packages/c3/b2/bc9c9196916376152d655522fdcebac55e66de6603a76a02bca1b6414f6c/pygments-2.20.0.tar.gz", hash = "sha256:6757cd03768053ff99f3039c1a36d6c0aa0b263438fcab17520b30a303a82b5f", size = 4955991, upload-time = "2026-03-29T13:29:33.898Z" }
wheels = [
    { url = "https://files.pythonhosted.org/packages/f4/7e/a72dd26f3b0f4f2bf1dd8923c85f7ceb43172af56d63c7383eb62b332364/pygments-2.20.0-py3-none-any.whl", hash = "sha256:81a9e26dd42fd28a23a2d169d86d7ac03b46e2f8b59ed4698fb4785f946d0176", size = 1231151, upload-time = "2026-03-29T13:29:30.038Z" },
]

[[package]]
name = "pytest"
version = "9.0.3"
source = { registry = "https://pypi.org/simple" }
dependencies = [
    { name = "colorama", marker = "sys_platform == 'win32'" },
    { name = "iniconfig" },
    { name = "packaging" },
    { name = "pluggy" },
    { name = "pygments" },
]
sdist = { url = "https://files.pythonhosted.org/packages/7d/0d/549bd94f1a0a402dc8cf64563a117c0f3765662e2e668477624baeec44d5/pytest-9.0.3.tar.gz", hash = "sha256:b86ada508af81d19edeb213c681b1d48246c1a91d304c6c81a427674c17eb91c", size = 1572165, upload-time = "2026-04-07T17:16:18.027Z" }
wheels = [
    { url = "https://files.pythonhosted.org/packages/d4/24/a372aaf5c9b7208e7112038812994107bc65a84cd00e0354a88c2c77a617/pytest-9.0.3-py3-none-any.whl", hash = "sha256:2c5efc453d45394fdd706ade797c0a81091eccd1d6e4bccfcd476e2b8e0ab5d9", size = 375249, upload-time = "2026-04-07T17:16:16.13Z" },
]

[[package]]
name = "python-dotenv"
version = "1.2.2"
source = { registry = "https://pypi.org/simple" }
sdist = { url = "https://files.pythonhosted.org/packages/82/ed/0301aeeac3e5353ef3d94b6ec08bbcabd04a72018415dcb29e588514bba8/python_dotenv-1.2.2.tar.gz", hash = "sha256:2c371a91fbd7ba082c2c1dc1f8bf89ca22564a087c2c287cd9b662adde799cf3", size = 50135, upload-time = "2026-03-01T16:00:26.196Z" }
wheels = [
    { url = "https://files.pythonhosted.org/packages/0b/d7/1959b9648791274998a9c3526f6d0ec8fd2233e4d4acce81bbae76b44b2a/python_dotenv-1.2.2-py3-none-any.whl", hash = "sha256:1d8214789a24de455a8b8bd8ae6fe3c6b69a5e3d64aa8a8e5d68e694bbcb285a", size = 22101, upload-time = "2026-03-01T16:00:25.09Z" },
]

[[package]]
name = "sqlparse"
version = "0.5.5"
source = { registry = "https://pypi.org/simple" }
sdist = { url = "https://files.pythonhosted.org/packages/90/76/437d71068094df0726366574cf3432a4ed754217b436eb7429415cf2d480/sqlparse-0.5.5.tar.gz", hash = "sha256:e20d4a9b0b8585fdf63b10d30066c7c94c5d7a7ec47c889a2d83a3caa93ff28e", size = 120815, upload-time = "2025-12-19T07:17:45.073Z" }
wheels = [
    { url = "https://files.pythonhosted.org/packages/49/4b/359f28a903c13438ef59ebeee215fb25da53066db67b305c125f1c6d2a25/sqlparse-0.5.5-py3-none-any.whl", hash = "sha256:12a08b3bf3eec877c519589833aed092e2444e68240a3577e8e26148acc7b1ba", size = 46138, upload-time = "2025-12-19T07:17:46.573Z" },
]

[[package]]
name = "tzdata"
version = "2026.1"
source = { registry = "https://pypi.org/simple" }
sdist = { url = "https://files.pythonhosted.org/packages/19/f5/cd531b2d15a671a40c0f66cf06bc3570a12cd56eef98960068ebbad1bf5a/tzdata-2026.1.tar.gz", hash = "sha256:67658a1903c75917309e753fdc349ac0efd8c27db7a0cb406a25be4840f87f98", size = 197639, upload-time = "2026-04-03T11:25:22.002Z" }
wheels = [
    { url = "https://files.pythonhosted.org/packages/b0/70/d460bd685a170790ec89317e9bd33047988e4bce507b831f5db771e142de/tzdata-2026.1-py2.py3-none-any.whl", hash = "sha256:4b1d2be7ac37ceafd7327b961aa3a54e467efbdb563a23655fbfe0d39cfc42a9", size = 348952, upload-time = "2026-04-03T11:25:20.313Z" },
]
